
Microsoft Visual Studio Solution File, Format Version 11.00
# Visual Studio 2010
Project("{FAE04EC0-301F-11D3-BF4B-00C04F79EFBC}") = "03.Home", "03.Home\03.Home.csproj", "{DEEDA27D-EB1A-4FF4-B352-273735FADB20}"
EndProject
Global
	GlobalSection(SolutionConfigurationPlatforms) = preSolution
		Debug|x86 = Debug|x86
		Release|x86 = Release|x86
	EndGlobalSection
	GlobalSection(ProjectConfigurationPlatforms) = postSolution
		{DEEDA27D-EB1A-4FF4-B352-273735FADB20}.Debug|x86.ActiveCfg = Debug|x86
		{DEEDA27D-EB1A-4FF4-B352-273735FADB20}.Debug|x86.Build.0 = Debug|x86
		{DEEDA27D-EB1A-4FF4-B352-273735FADB20}.Release|x86.ActiveCfg = Release|x86
		{DEEDA27D-EB1A-4FF4-B352-273735FADB20}.Release|x86.Build.0 = Release|x86
	EndGlobalSection
	GlobalSection(MonoDevelopProperties) = preSolution
		StartupItem = 03.Home\03.Home.csproj
	EndGlobalSection
EndGlobal
